{
  "name": "portfolio",
  "version": "1.0.0",
  "lockfileVersion": 1,
  "requires": true,
  "dependencies": {
    "jquery.blackandwhite": {
      "version": "0.3.8",
      "resolved": "https://registry.npmjs.org/jquery.blackandwhite/-/jquery.blackandwhite-0.3.8.tgz",
      "integrity": "sha1-nu/W3mzhFahh0pXM+AA4i1Ktzvg="
    }
  }
}
